hash: d16d6e38e0df8d4315d0630917bff19bc885c18c3566e74638fa8c2fc59f2541
updated: 2018-11-16T13:17:46.231317-08:00
imports:
- name: cloud.google.com/go
  version: 74b12019e2aa53ec27882158f59192d7cd6d1998
  subpackages:
  - compute/metadata
- name: github.com/badoux/checkmail
  version: 0755fe2dc241caebab64327c352006712f6a55c4
- name: github.com/davecgh/go-spew
  version: 6d212800a42e8ab5c146b8ace3490ee17e5225f9
  subpackages:
  - spew
- name: github.com/dgrijalva/jwt-go
  version: d2709f9f1f31ebcda9651b03077758c1f3a0018c
- name: github.com/fsnotify/fsnotify
  version: ccc981bf80385c528a65fbfdd49bf2d8da22aa23
- name: github.com/go-chi/chi
  version: b8567b6442e27704bfeb725095091581cbe82a00
  subpackages:
  - middleware
- name: github.com/go-sql-driver/mysql
  version: a0583e0143b1624142adab07e0e97fe106d99561
- name: github.com/golang/protobuf
  version: 52132540909e117f2b98b0694383dc0ab1e1deca
  subpackages:
  - proto
- name: github.com/GoogleCloudPlatform/cloudsql-proxy
  version: 571947b0f240c8b2fa4d163065e5b155920ddfa9
  subpackages:
  - logging
  - proxy/certs
  - proxy/dialers/mysql
  - proxy/dialers/postgres
  - proxy/proxy
  - proxy/util
- name: github.com/hashicorp/hcl
  version: 65a6292f0157eff210d03ed1bf6c59b190b8b906
  subpackages:
  - hcl/ast
  - hcl/parser
  - hcl/printer
  - hcl/scanner
  - hcl/strconv
  - hcl/token
  - json/parser
  - json/scanner
  - json/token
- name: github.com/imdario/mergo
  version: ca3dcc1022bae9b5510f3c83705b72db1b1a96f9
- name: github.com/inconshreveable/mousetrap
  version: 76626ae9c91c4f2a10f34cad8ce83ea42c93bb75
- name: github.com/jinzhu/gorm
  version: 5b8c0dd6b92d9caa8036c31dcb117f2df7cceefa
- name: github.com/jinzhu/inflection
  version: 04140366298a54a039076d798123ffa108fff46c
- name: github.com/joho/godotenv
  version: 726cc8b906e3d31c70a9671c90a13716a8d3f50d
- name: github.com/kelseyhightower/envconfig
  version: f611eb38b3875cc3bd991ca91c51d06446afa14c
- name: github.com/kr/logfmt
  version: b84e30acd515aadc4b783ad4ff83aff3299bdfe0
- name: github.com/lestrrat-go/jwx
  version: 0d477e6a1f0ec69634840308e3873fe71d928dd0
  subpackages:
  - internal/base64
  - internal/option
  - jwa
  - jwk
  - jws
  - jws/sign
  - jws/verify
- name: github.com/lestrrat-go/pdebug
  version: 39f9a71bcabe9432cbdfe4d3d33f41988acd2ce6
- name: github.com/lib/pq
  version: 9eb73efc1fcc404148b56765b0d3f61d9a5ef8ee
  subpackages:
  - oid
- name: github.com/magiconair/properties
  version: c2353362d570a7bfa228149c62842019201cfb71
- name: github.com/mailru/easyjson
  version: 60711f1a8329503b04e1c88535f419d0bb440bff
  subpackages:
  - buffer
  - jlexer
  - jwriter
- name: github.com/mattn/go-sqlite3
  version: 3b3f1d01b2696af5501697c35629048c227586ab
- name: github.com/mitchellh/mapstructure
  version: 3536a929edddb9a5b34bd6861dc4a9647cb459fe
- name: github.com/nats-io/nats
  version: 61923ed1eaf8398000991fbbee2ef11ab5a5be0d
  subpackages:
  - encoders/builtin
  - util
- name: github.com/nats-io/nuid
  version: 3024a71c3cbe30667286099921591e6fcc328230
- name: github.com/netlify/mailme
  version: c4a76ce443c1122ead2518b28cc7ffaf1091cc9a
- name: github.com/netlify/netlify-commons
  version: 450321a763ac6f9a30b9553fdf8bde076e8215ca
  subpackages:
  - graceful
  - messaging
  - metrics
  - metrics/transport
  - nconf
  - tls
- name: github.com/okta/okta-jwt-verifier-golang
  version: 04702def3e1b9b1c6b419c9c3aae1ec184a5d4b2
  subpackages:
  - adaptors
  - adaptors/lestrratGoJwx
  - discovery
  - discovery/oidc
  - errors
- name: github.com/pborman/uuid
  version: a97ce2ca70fa5a848076093f05e639a89ca34d06
- name: github.com/pelletier/go-toml
  version: aa79e12a973495d00b01f2353330e5275d084731
- name: github.com/pkg/errors
  version: 645ef00459ed84a119197bfb8d8205042c6df63d
- name: github.com/rs/cors
  version: 8dd4211afb5d08dbb39a533b9bb9e4b486351df6
- name: github.com/rybit/nats_logrus_hook
  version: 8d9e8da6aeca6fe5ab668efa91d1ea0722af8d1a
- name: github.com/sebest/xff
  version: 6c115e0ffa35d6a2e3f7a9e797c9cf07f0da4b9f
- name: github.com/signalfx/com_signalfx_metrics_protobuf
  version: 93e507b42f43f458a109ca278d1542a26a0b87fc
- name: github.com/signalfx/gohistogram
  version: 1ccfd2ff508314074672f4450a917011a2060408
- name: github.com/signalfx/golib
  version: 33764ade36dd90eb1593000ebee93ac1f9d9d419
  subpackages:
  - datapoint
  - errors
  - event
  - eventcounter
  - log
  - sfxclient
  - sfxclient/spanfilter
  - timekeeper
  - trace
  - trace/format
- name: github.com/sirupsen/logrus
  version: a3f95b5c423586578a4e099b11a46c2479628cac
- name: github.com/spf13/afero
  version: d40851caa0d747393da1ffb28f7f9d8b4eeffebd
  subpackages:
  - mem
- name: github.com/spf13/cast
  version: 8c9545af88b134710ab1cd196795e7f2388358d7
- name: github.com/spf13/cobra
  version: fe5e611709b0c57fa4a89136deaa8e1d4004d053
- name: github.com/spf13/jwalterweatherman
  version: 94f6ae3ed3bceceafa716478c5fbf8d29ca601a1
- name: github.com/spf13/pflag
  version: aea12ed6721610dc6ed40141676d7ab0a1dac9e9
- name: github.com/spf13/viper
  version: ae103d7e593e371c69e832d5eb3347e2b80cbbc9
- name: github.com/streadway/amqp
  version: 27835f1a64e97101d95306211f03c0620ffa295d
- name: github.com/stretchr/testify
  version: 69483b4bd14f5845b5a1e55bca19e954e827f1d0
  subpackages:
  - assert
  - require
  - suite
- name: golang.org/x/crypto
  version: 3d3f9f413869b949e48070b5bc593aa22cc2b8f2
  subpackages:
  - bcrypt
- name: golang.org/x/net
  version: adae6a3d119ae4890b46832a2e88a95adc62b8e7
  subpackages:
  - context
  - context/ctxhttp
- name: golang.org/x/oauth2
  version: f42d05182288abf10faef86d16c0d07b8d40ea2d
  subpackages:
  - bitbucket
  - github
  - google
  - internal
  - jws
  - jwt
- name: golang.org/x/sys
  version: 93218def8b18e66adbdab3eca8ec334700329f1f
  subpackages:
  - unix
- name: golang.org/x/text
  version: 6f44c5a2ea40ee3593d98cdcc905cc1fdaa660e2
  subpackages:
  - transform
  - unicode/norm
- name: google.golang.org/api
  version: 83a9d304b1e613fc253e1e2710778642fe81af53
  subpackages:
  - gensupport
  - googleapi
  - googleapi/internal/uritemplates
  - sqladmin/v1beta4
- name: google.golang.org/appengine
  version: 4a4468ece617fc8205e99368fa2200e9d1fad421
  subpackages:
  - internal
  - internal/app_identity
  - internal/base
  - internal/datastore
  - internal/log
  - internal/modules
  - internal/remote_api
  - internal/urlfetch
  - urlfetch
- name: gopkg.in/gomail.v2
  version: 41f3572897373c5538c50a2402db15db079fa4fd
- name: gopkg.in/logfmt.v0
  version: 390ab7935ee28ec6b286364bba9b4dd6410cb3d5
- name: gopkg.in/mgo.v2
  version: 9856a29383ce1c59f308dd1cf0363a79b5bef6b5
  subpackages:
  - bson
  - txn
- name: gopkg.in/stack.v1
  version: 2fee6af1a9795aafbe0253a0cfbdf668e1fb8a9a
- name: gopkg.in/yaml.v2
  version: 5420a8b6744d3b0345ab293f6fcba19c978f1183
testImports:
- name: github.com/pmezard/go-difflib
  version: d8ed2627bdf02c080bf22230dbb337003b7aba2d
  subpackages:
  - difflib
